{
  "lockfile_version": "1",
  "packages": {
    "age@latest": {
      "last_modified": "2025-12-31T03:27:36Z",
      "resolved": "github:NixOS/nixpkgs/f665af0cdb70ed27e1bd8f9fdfecaf451260fc55#age",
      "source": "devbox-search",
      "version": "1.3.1",
      "systems": {
        "aarch64-darwin": {
          "outputs": [
            {
              "name": "out",
              "path": "/nix/store/q47vdnd6gvvk5wzx0gv8q5w169y4r015-age-1.3.1",
              "default": true
            }
          ],
          "store_path": "/nix/store/q47vdnd6gvvk5wzx0gv8q5w169y4r015-age-1.3.1"
        },
        "aarch64-linux": {
          "outputs": [
            {
              "name": "out",
              "path": "/nix/store/bngripg1vq5br4d4iz0xhhj42i68yg9l-age-1.3.1",
              "default": true
            }
          ],
          "store_path": "/nix/store/bngripg1vq5br4d4iz0xhhj42i68yg9l-age-1.3.1"
        },
        "x86_64-darwin": {
          "outputs": [
            {
              "name": "out",
              "path": "/nix/store/501mfhr2r11fc31s5dfzh7p4vn3wkcjy-age-1.3.1",
              "default": true
            }
          ],
          "store_path": "/nix/store/501mfhr2r11fc31s5dfzh7p4vn3wkcjy-age-1.3.1"
        },
        "x86_64-linux": {
          "outputs": [
            {
              "name": "out",
              "path": "/nix/store/d829w286csgqhcnlccl2iyv3jdplxwhk-age-1.3.1",
              "default": true
            }
          ],
          "store_path": "/nix/store/d829w286csgqhcnlccl2iyv3jdplxwhk-age-1.3.1"
        }
      }
    },
    "ansible@latest": {
      "last_modified": "2025-12-31T03:27:36Z",
      "resolved": "github:NixOS/nixpkgs/f665af0cdb70ed27e1bd8f9fdfecaf451260fc55#ansible",
      "source": "devbox-search",
      "version": "2.20.0",
      "systems": {
        "aarch64-darwin": {
          "outputs": [
            {
              "name": "out",
              "path": "/nix/store/93gr03qdrp0jml3l6l7gxnq62rq0ak70-python3.13-ansible-core-2.20.0",
              "default": true
            },
            {
              "name": "dist",
              "path": "/nix/store/6fdbdckn9p9xkkav4bgr49799b4pypfa-python3.13-ansible-core-2.20.0-dist"
            }
          ],
          "store_path": "/nix/store/93gr03qdrp0jml3l6l7gxnq62rq0ak70-python3.13-ansible-core-2.20.0"
        },
        "aarch64-linux": {
          "outputs": [
            {
              "name": "out",
              "path": "/nix/store/j0bsd1wwy0y1jvgfhwnfc0sm2vi632gk-python3.13-ansible-core-2.20.0",
              "default": true
            },
            {
              "name": "dist",
              "path": "/nix/store/h1bav7xsiw2n4ifhy68rb1dpggh9n29i-python3.13-ansible-core-2.20.0-dist"
            }
          ],
          "store_path": "/nix/store/j0bsd1wwy0y1jvgfhwnfc0sm2vi632gk-python3.13-ansible-core-2.20.0"
        },
        "x86_64-darwin": {
          "outputs": [
            {
              "name": "out",
              "path": "/nix/store/cljajv3v2qk351v08xdwzi6bfwcyf483-python3.13-ansible-core-2.20.0",
              "default": true
            },
            {
              "name": "dist",
              "path": "/nix/store/dxdk415ib6gqx38y999v4jsp3ply6s0p-python3.13-ansible-core-2.20.0-dist"
            }
          ],
          "store_path": "/nix/store/cljajv3v2qk351v08xdwzi6bfwcyf483-python3.13-ansible-core-2.20.0"
        },
        "x86_64-linux": {
          "outputs": [
            {
              "name": "out",
              "path": "/nix/store/b571nj6m60viaqaw61s4fb9nphgj0l43-python3.13-ansible-core-2.20.0",
              "default": true
            },
            {
              "name": "dist",
              "path": "/nix/store/a0f5q05ffa5cfnwf5z1jcss6w3zpc2s2-python3.13-ansible-core-2.20.0-dist"
            }
          ],
          "store_path": "/nix/store/b571nj6m60viaqaw61s4fb9nphgj0l43-python3.13-ansible-core-2.20.0"
        }
      }
    },
    "docker@latest": {
      "last_modified": "2025-12-31T03:27:36Z",
      "resolved": "github:NixOS/nixpkgs/f665af0cdb70ed27e1bd8f9fdfecaf451260fc55#docker",
      "source": "devbox-search",
      "version": "29.1.3",
      "systems": {
        "aarch64-darwin": {
          "outputs": [
            {
              "name": "out",
              "path": "/nix/store/xaysfh8xlwd9ikjadgm12zhgi66nbdf3-docker-29.1.3",
              "default": true
            }
          ],
          "store_path": "/nix/store/xaysfh8xlwd9ikjadgm12zhgi66nbdf3-docker-29.1.3"
        },
        "aarch64-linux": {
          "outputs": [
            {
              "name": "out",
              "path": "/nix/store/pzaif699hw0xlszz19jfywcmy5b8hk4s-docker-29.1.3",
              "default": true
            }
          ],
          "store_path": "/nix/store/pzaif699hw0xlszz19jfywcmy5b8hk4s-docker-29.1.3"
        },
        "x86_64-darwin": {
          "outputs": [
            {
              "name": "out",
              "path": "/nix/store/c92lg5xhdm6v2kmbbczbn83cs46m8ghc-docker-29.1.3",
              "default": true
            }
          ],
          "store_path": "/nix/store/c92lg5xhdm6v2kmbbczbn83cs46m8ghc-docker-29.1.3"
        },
        "x86_64-linux": {
          "outputs": [
            {
              "name": "out",
              "path": "/nix/store/fkg6qlbkr1hgl8gn5ly1vs0s7926m7qd-docker-29.1.3",
              "default": true
            }
          ],
          "store_path": "/nix/store/fkg6qlbkr1hgl8gn5ly1vs0s7926m7qd-docker-29.1.3"
        }
      }
    },
    "git@latest": {
      "last_modified": "2026-01-01T04:40:00Z",
      "resolved": "github:NixOS/nixpkgs/c04833a1e584401bb63c1a63ddc51a71e6aa457a#git",
      "source": "devbox-search",
      "version": "2.52.0",
      "systems": {
        "aarch64-darwin": {
          "outputs": [
            {
              "name": "out",
              "path": "/nix/store/1xy62wrp3m91snd3cazxgg0yrplb6sav-git-2.52.0",
              "default": true
            },
            {
              "name": "doc",
              "path": "/nix/store/1518yqnr4z0p65jfv8skw2qwc30ad5la-git-2.52.0-doc"
            }
          ],
          "store_path": "/nix/store/1xy62wrp3m91snd3cazxgg0yrplb6sav-git-2.52.0"
        },
        "aarch64-linux": {
          "outputs": [
            {
              "name": "out",
              "path": "/nix/store/mfbr42w740arf759n51nhki221lang5z-git-2.52.0",
              "default": true
            },
            {
              "name": "doc",
              "path": "/nix/store/lm1plgvh8qlv0amm8wiz8l00ky298hws-git-2.52.0-doc"
            },
            {
              "name": "debug",
              "path": "/nix/store/q0lq2fczq1y9q9028k4ripf38mfy3n42-git-2.52.0-debug"
            }
          ],
          "store_path": "/nix/store/mfbr42w740arf759n51nhki221lang5z-git-2.52.0"
        },
        "x86_64-darwin": {
          "outputs": [
            {
              "name": "out",
              "path": "/nix/store/0lxp1s4hb0xb0di1a5jg08rr8hk0cvz8-git-2.52.0",
              "default": true
            },
            {
              "name": "doc",
              "path": "/nix/store/a9903b6q3clvx61l8drkpr262fb5qmik-git-2.52.0-doc"
            }
          ],
          "store_path": "/nix/store/0lxp1s4hb0xb0di1a5jg08rr8hk0cvz8-git-2.52.0"
        },
        "x86_64-linux": {
          "outputs": [
            {
              "name": "out",
              "path": "/nix/store/fryiyyhhilpqhx2wc4b6l5gnxc8w18rg-git-2.52.0",
              "default": true
            },
            {
              "name": "debug",
              "path": "/nix/store/q6m51s4q8kddlh9b9rb63v1yqvlv3xgp-git-2.52.0-debug"
            },
            {
              "name": "doc",
              "path": "/nix/store/n4zq81winwf8d5y2ra7fjznwl6cnhggz-git-2.52.0-doc"
            }
          ],
          "store_path": "/nix/store/fryiyyhhilpqhx2wc4b6l5gnxc8w18rg-git-2.52.0"
        }
      }
    },
    "github:NixOS/nixpkgs/nixpkgs-unstable": {
      "last_modified": "2026-01-02T14:39:32Z",
      "resolved": "github:NixOS/nixpkgs/16c7794d0a28b5a37904d55bcca36003b9109aaa?lastModified=1767364772&narHash=sha256-fFUnEYMla8b7UKjijLnMe%2BoVFOz6HjijGGNS1l7dYaQ%3D"
    },
    "go-task@latest": {
      "last_modified": "2025-12-31T03:27:36Z",
      "resolved": "github:NixOS/nixpkgs/f665af0cdb70ed27e1bd8f9fdfecaf451260fc55#go-task",
      "source": "devbox-search",
      "version": "3.45.5",
      "systems": {
        "aarch64-darwin": {
          "outputs": [
            {
              "name": "out",
              "path": "/nix/store/9ybcllfqylj7a7w42kiw9vqwd941s5lw-go-task-3.45.5",
              "default": true
            }
          ],
          "store_path": "/nix/store/9ybcllfqylj7a7w42kiw9vqwd941s5lw-go-task-3.45.5"
        },
        "aarch64-linux": {
          "outputs": [
            {
              "name": "out",
              "path": "/nix/store/xiyrhd65ya9ynf3mrvb9kfg00x7nf1m6-go-task-3.45.5",
              "default": true
            }
          ],
          "store_path": "/nix/store/xiyrhd65ya9ynf3mrvb9kfg00x7nf1m6-go-task-3.45.5"
        },
        "x86_64-darwin": {
          "outputs": [
            {
              "name": "out",
              "path": "/nix/store/znxnsk6k9ar637pi2dimrxmijqq0lf0b-go-task-3.45.5",
              "default": true
            }
          ],
          "store_path": "/nix/store/znxnsk6k9ar637pi2dimrxmijqq0lf0b-go-task-3.45.5"
        },
        "x86_64-linux": {
          "outputs": [
            {
              "name": "out",
              "path": "/nix/store/w2hq0and0k2v1l4fbfsa6r4sadvixhsg-go-task-3.45.5",
              "default": true
            }
          ],
          "store_path": "/nix/store/w2hq0and0k2v1l4fbfsa6r4sadvixhsg-go-task-3.45.5"
        }
      }
    },
    "sops@latest": {
      "last_modified": "2025-12-31T03:27:36Z",
      "resolved": "github:NixOS/nixpkgs/f665af0cdb70ed27e1bd8f9fdfecaf451260fc55#sops",
      "source": "devbox-search",
      "version": "3.11.0",
      "systems": {
        "aarch64-darwin": {
          "outputs": [
            {
              "name": "out",
              "path": "/nix/store/0wvbpq91jvgzkz59gfqh8kkqil6ism3n-sops-3.11.0",
              "default": true
            }
          ],
          "store_path": "/nix/store/0wvbpq91jvgzkz59gfqh8kkqil6ism3n-sops-3.11.0"
        },
        "aarch64-linux": {
          "outputs": [
            {
              "name": "out",
              "path": "/nix/store/n36ipdkbifaz7jay125wqizr229n730k-sops-3.11.0",
              "default": true
            }
          ],
          "store_path": "/nix/store/n36ipdkbifaz7jay125wqizr229n730k-sops-3.11.0"
        },
        "x86_64-darwin": {
          "outputs": [
            {
              "name": "out",
              "path": "/nix/store/0v2vsrwjbjn9szwkqbgsm9g285wyxpgl-sops-3.11.0",
              "default": true
            }
          ],
          "store_path": "/nix/store/0v2vsrwjbjn9szwkqbgsm9g285wyxpgl-sops-3.11.0"
        },
        "x86_64-linux": {
          "outputs": [
            {
              "name": "out",
              "path": "/nix/store/b37cmvxda87xmld9nh0jf9yyhnrnhd1v-sops-3.11.0",
              "default": true
            }
          ],
          "store_path": "/nix/store/b37cmvxda87xmld9nh0jf9yyhnrnhd1v-sops-3.11.0"
        }
      }
    },
    "terraform@latest": {
      "last_modified": "2025-12-31T03:27:36Z",
      "resolved": "github:NixOS/nixpkgs/f665af0cdb70ed27e1bd8f9fdfecaf451260fc55#terraform",
      "source": "devbox-search",
      "version": "1.14.3",
      "systems": {
        "aarch64-darwin": {
          "outputs": [
            {
              "name": "out",
              "path": "/nix/store/wajy2w05wcs9700l486q6yal0x6x5pmv-terraform-1.14.3",
              "default": true
            }
          ],
          "store_path": "/nix/store/wajy2w05wcs9700l486q6yal0x6x5pmv-terraform-1.14.3"
        },
        "aarch64-linux": {
          "outputs": [
            {
              "name": "out",
              "path": "/nix/store/4kvpbnnmi3gbdavlw2mg55d18g8isyi7-terraform-1.14.3",
              "default": true
            }
          ],
          "store_path": "/nix/store/4kvpbnnmi3gbdavlw2mg55d18g8isyi7-terraform-1.14.3"
        },
        "x86_64-darwin": {
          "outputs": [
            {
              "name": "out",
              "path": "/nix/store/vs598r62widmydhnx34czd4z0mj393sf-terraform-1.14.3",
              "default": true
            }
          ],
          "store_path": "/nix/store/vs598r62widmydhnx34czd4z0mj393sf-terraform-1.14.3"
        },
        "x86_64-linux": {
          "outputs": [
            {
              "name": "out",
              "path": "/nix/store/mia42z7kyc6rkzdkidl32nqc4cr9hl52-terraform-1.14.3",
              "default": true
            }
          ],
          "store_path": "/nix/store/mia42z7kyc6rkzdkidl32nqc4cr9hl52-terraform-1.14.3"
        }
      }
    }
  }
}
